{
  "name": "babel-fast-traverse",
  "version": "1.0.0",
  "lockfileVersion": 2,
  "requires": true,
  "packages": {
    "": {
      "version": "1.0.0",
      "license": "Apache License 2.0",
      "dependencies": {
        "@babel/types": "^7.14.5",
        "@types/babel__core": "^7.1.14",
        "typescript": "^4.3.4"
      }
    },
    "node_modules/@babel/helper-validator-identifier": {
      "version": "7.14.5",
      "resolved": "https://registry.npmjs.org/@babel/helper-validator-identifier/-/helper-validator-identifier-7.14.5.tgz",
      "integrity": "sha512-5lsetuxCLilmVGyiLEfoHBRX8UCFD+1m2x3Rj97WrW3V7H3u4RWRXA4evMjImCsin2J2YT0QaVDGf+z8ondbAg==",
      "engines": {
        "node": ">=6.9.0"
      }
    },
    "node_modules/@babel/parser": {
      "version": "7.14.6",
      "resolved": "https://registry.npmjs.org/@babel/parser/-/parser-7.14.6.tgz",
      "integrity": "sha512-oG0ej7efjEXxb4UgE+klVx+3j4MVo+A2vCzm7OUN4CLo6WhQ+vSOD2yJ8m7B+DghObxtLxt3EfgMWpq+AsWehQ==",
      "bin": {
        "parser": "bin/babel-parser.js"
      },
      "engines": {
        "node": ">=6.0.0"
      }
    },
    "node_modules/@babel/types": {
      "version": "7.14.5",
      "resolved": "https://registry.npmjs.org/@babel/types/-/types-7.14.5.tgz",
      "integrity": "sha512-M/NzBpEL95I5Hh4dwhin5JlE7EzO5PHMAuzjxss3tiOBD46KfQvVedN/3jEPZvdRvtsK2222XfdHogNIttFgcg==",
      "dependencies": {
        "@babel/helper-validator-identifier": "^7.14.5",
        "to-fast-properties": "^2.0.0"
      },
      "engines": {
        "node": ">=6.9.0"
      }
    },
    "node_modules/@types/babel__core": {
      "version": "7.1.14",
      "resolved": "https://registry.npmjs.org/@types/babel__core/-/babel__core-7.1.14.tgz",
      "integrity": "sha512-zGZJzzBUVDo/eV6KgbE0f0ZI7dInEYvo12Rb70uNQDshC3SkRMb67ja0GgRHZgAX3Za6rhaWlvbDO8rrGyAb1g==",
      "dependencies": {
        "@babel/parser": "^7.1.0",
        "@babel/types": "^7.0.0",
        "@types/babel__generator": "*",
        "@types/babel__template": "*",
        "@types/babel__traverse": "*"
      }
    },
    "node_modules/@types/babel__generator": {
      "version": "7.6.2",
      "resolved": "https://registry.npmjs.org/@types/babel__generator/-/babel__generator-7.6.2.tgz",
      "integrity": "sha512-MdSJnBjl+bdwkLskZ3NGFp9YcXGx5ggLpQQPqtgakVhsWK0hTtNYhjpZLlWQTviGTvF8at+Bvli3jV7faPdgeQ==",
      "dependencies": {
        "@babel/types": "^7.0.0"
      }
    },
    "node_modules/@types/babel__template": {
      "version": "7.4.0",
      "resolved": "https://registry.npmjs.org/@types/babel__template/-/babel__template-7.4.0.tgz",
      "integrity": "sha512-NTPErx4/FiPCGScH7foPyr+/1Dkzkni+rHiYHHoTjvwou7AQzJkNeD60A9CXRy+ZEN2B1bggmkTMCDb+Mv5k+A==",
      "dependencies": {
        "@babel/parser": "^7.1.0",
        "@babel/types": "^7.0.0"
      }
    },
    "node_modules/@types/babel__traverse": {
      "version": "7.11.1",
      "resolved": "https://registry.npmjs.org/@types/babel__traverse/-/babel__traverse-7.11.1.tgz",
      "integrity": "sha512-Vs0hm0vPahPMYi9tDjtP66llufgO3ST16WXaSTtDGEl9cewAl3AibmxWw6TINOqHPT9z0uABKAYjT9jNSg4npw==",
      "dependencies": {
        "@babel/types": "^7.3.0"
      }
    },
    "node_modules/to-fast-properties": {
      "version": "2.0.0",
      "resolved": "https://registry.npmjs.org/to-fast-properties/-/to-fast-properties-2.0.0.tgz",
      "integrity": "sha1-3F5pjL0HkmW8c+A3doGk5Og/YW4=",
      "engines": {
        "node": ">=4"
      }
    },
    "node_modules/typescript": {
      "version": "4.3.4",
      "resolved": "https://registry.npmjs.org/typescript/-/typescript-4.3.4.tgz",
      "integrity": "sha512-uauPG7XZn9F/mo+7MrsRjyvbxFpzemRjKEZXS4AK83oP2KKOJPvb+9cO/gmnv8arWZvhnjVOXz7B49m1l0e9Ew==",
      "bin": {
        "tsc": "bin/tsc",
        "tsserver": "bin/tsserver"
      },
      "engines": {
        "node": ">=4.2.0"
      }
    }
  },
  "dependencies": {
    "@babel/helper-validator-identifier": {
      "version": "7.14.5",
      "resolved": "https://registry.npmjs.org/@babel/helper-validator-identifier/-/helper-validator-identifier-7.14.5.tgz",
      "integrity": "sha512-5lsetuxCLilmVGyiLEfoHBRX8UCFD+1m2x3Rj97WrW3V7H3u4RWRXA4evMjImCsin2J2YT0QaVDGf+z8ondbAg=="
    },
    "@babel/parser": {
      "version": "7.14.6",
      "resolved": "https://registry.npmjs.org/@babel/parser/-/parser-7.14.6.tgz",
      "integrity": "sha512-oG0ej7efjEXxb4UgE+klVx+3j4MVo+A2vCzm7OUN4CLo6WhQ+vSOD2yJ8m7B+DghObxtLxt3EfgMWpq+AsWehQ=="
    },
    "@babel/types": {
      "version": "7.14.5",
      "resolved": "https://registry.npmjs.org/@babel/types/-/types-7.14.5.tgz",
      "integrity": "sha512-M/NzBpEL95I5Hh4dwhin5JlE7EzO5PHMAuzjxss3tiOBD46KfQvVedN/3jEPZvdRvtsK2222XfdHogNIttFgcg==",
      "requires": {
        "@babel/helper-validator-identifier": "^7.14.5",
        "to-fast-properties": "^2.0.0"
      }
    },
    "@types/babel__core": {
      "version": "7.1.14",
      "resolved": "https://registry.npmjs.org/@types/babel__core/-/babel__core-7.1.14.tgz",
      "integrity": "sha512-zGZJzzBUVDo/eV6KgbE0f0ZI7dInEYvo12Rb70uNQDshC3SkRMb67ja0GgRHZgAX3Za6rhaWlvbDO8rrGyAb1g==",
      "requires": {
        "@babel/parser": "^7.1.0",
        "@babel/types": "^7.0.0",
        "@types/babel__generator": "*",
        "@types/babel__template": "*",
        "@types/babel__traverse": "*"
      }
    },
    "@types/babel__generator": {
      "version": "7.6.2",
      "resolved": "https://registry.npmjs.org/@types/babel__generator/-/babel__generator-7.6.2.tgz",
      "integrity": "sha512-MdSJnBjl+bdwkLskZ3NGFp9YcXGx5ggLpQQPqtgakVhsWK0hTtNYhjpZLlWQTviGTvF8at+Bvli3jV7faPdgeQ==",
      "requires": {
        "@babel/types": "^7.0.0"
      }
    },
    "@types/babel__template": {
      "version": "7.4.0",
      "resolved": "https://registry.npmjs.org/@types/babel__template/-/babel__template-7.4.0.tgz",
      "integrity": "sha512-NTPErx4/FiPCGScH7foPyr+/1Dkzkni+rHiYHHoTjvwou7AQzJkNeD60A9CXRy+ZEN2B1bggmkTMCDb+Mv5k+A==",
      "requires": {
        "@babel/parser": "^7.1.0",
        "@babel/types": "^7.0.0"
      }
    },
    "@types/babel__traverse": {
      "version": "7.11.1",
      "resolved": "https://registry.npmjs.org/@types/babel__traverse/-/babel__traverse-7.11.1.tgz",
      "integrity": "sha512-Vs0hm0vPahPMYi9tDjtP66llufgO3ST16WXaSTtDGEl9cewAl3AibmxWw6TINOqHPT9z0uABKAYjT9jNSg4npw==",
      "requires": {
        "@babel/types": "^7.3.0"
      }
    },
    "to-fast-properties": {
      "version": "2.0.0",
      "resolved": "https://registry.npmjs.org/to-fast-properties/-/to-fast-properties-2.0.0.tgz",
      "integrity": "sha1-3F5pjL0HkmW8c+A3doGk5Og/YW4="
    },
    "typescript": {
      "version": "4.3.4",
      "resolved": "https://registry.npmjs.org/typescript/-/typescript-4.3.4.tgz",
      "integrity": "sha512-uauPG7XZn9F/mo+7MrsRjyvbxFpzemRjKEZXS4AK83oP2KKOJPvb+9cO/gmnv8arWZvhnjVOXz7B49m1l0e9Ew=="
    }
  }
}
